
Microsoft Visual Studio Solution File, Format Version 12.00
# Visual Studio Version 17
VisualStudioVersion = 17.13.35913.81 d17.13
MinimumVisualStudioVersion = 10.0.40219.1
Project("{FAE04EC0-301F-11D3-BF4B-00C04F79EFBC}") = "Billiard", "Billiard\Billiard.csproj", "{FE60D335-82D4-4D74-9705-FF13A3275276}"
EndProject
Global
	GlobalSection(SolutionConfigurationPlatforms) = preSolution
		Debug|Any CPU = Debug|Any CPU
		Release|Any CPU = Release|Any CPU
	EndGlobalSection
	GlobalSection(ProjectConfigurationPlatforms) = postSolution
		{FE60D335-82D4-4D74-9705-FF13A3275276}.Debug|Any CPU.ActiveCfg = Debug|Any CPU
		{FE60D335-82D4-4D74-9705-FF13A3275276}.Debug|Any CPU.Build.0 = Debug|Any CPU
		{FE60D335-82D4-4D74-9705-FF13A3275276}.Release|Any CPU.ActiveCfg = Release|Any CPU
		{FE60D335-82D4-4D74-9705-FF13A3275276}.Release|Any CPU.Build.0 = Release|Any CPU
	EndGlobalSection
	GlobalSection(SolutionProperties) = preSolution
		HideSolutionNode = FALSE
	EndGlobalSection
	GlobalSection(ExtensibilityGlobals) = postSolution
		SolutionGuid = {918E1678-A579-4639-8174-F61023829DEB}
	EndGlobalSection
EndGlobal
